
Microsoft Visual Studio Solution File, Format Version 12.00
# Visual Studio 14
VisualStudioVersion = 14.0.23107.0
MinimumVisualStudioVersion = 10.0.40219.1
Project("{FAE04EC0-301F-11D3-BF4B-00C04F79EFBC}") = "VirtualProjectManagment", "VirtualProjectManagment\VirtualProjectManagment.csproj", "{D13ED78A-F95F-4806-8784-3E1EDA9CC277}"
EndProject
Project("{FAE04EC0-301F-11D3-BF4B-00C04F79EFBC}") = "VirtualProjectManagment.Tests", "VirtualProjectManagment.Tests\VirtualProjectManagment.Tests.csproj", "{8F2AC45D-9FBA-4DC1-90A5-1AC936902354}"
EndProject
Project("{2150E333-8FDC-42A3-9474-1A3956D46DE8}") = "Solution Items", "Solution Items", "{F729C3E7-45A0-416B-AD56-27F176673CE6}"
	ProjectSection(SolutionItems) = preProject
		Info.txt = Info.txt
	EndProjectSection
EndProject
Global
	GlobalSection(SolutionConfigurationPlatforms) = preSolution
		Debug|Any CPU = Debug|Any CPU
		Release|Any CPU = Release|Any CPU
	EndGlobalSection
	GlobalSection(ProjectConfigurationPlatforms) = postSolution
		{D13ED78A-F95F-4806-8784-3E1EDA9CC277}.Debug|Any CPU.ActiveCfg = Debug|Any CPU
		{D13ED78A-F95F-4806-8784-3E1EDA9CC277}.Debug|Any CPU.Build.0 = Debug|Any CPU
		{D13ED78A-F95F-4806-8784-3E1EDA9CC277}.Release|Any CPU.ActiveCfg = Release|Any CPU
		{D13ED78A-F95F-4806-8784-3E1EDA9CC277}.Release|Any CPU.Build.0 = Release|Any CPU
		{8F2AC45D-9FBA-4DC1-90A5-1AC936902354}.Debug|Any CPU.ActiveCfg = Debug|Any CPU
		{8F2AC45D-9FBA-4DC1-90A5-1AC936902354}.Debug|Any CPU.Build.0 = Debug|Any CPU
		{8F2AC45D-9FBA-4DC1-90A5-1AC936902354}.Release|Any CPU.ActiveCfg = Release|Any CPU
		{8F2AC45D-9FBA-4DC1-90A5-1AC936902354}.Release|Any CPU.Build.0 = Release|Any CPU
	EndGlobalSection
	GlobalSection(SolutionProperties) = preSolution
		HideSolutionNode = FALSE
	EndGlobalSection
EndGlobal
